// !$*UTF8*$!
{
	archiveVersion = 1;
	classes = {
	};
	objectVersion = 77;
	objects = {

/* Begin PBXBuildFile section */
		6B4D2EBB2F6D905F00DACC3F /* Alamofire in Frameworks */ = {isa = PBXBuildFile; productRef = 6B4D2EBA2F6D905F00DACC3F /* Alamofire */; };
		6B4D2EC72F6DC49F00DACC3F /* Lottie in Frameworks */ = {isa = PBXBuildFile; productRef = 6B4D2EC62F6DC49F00DACC3F /* Lottie */; };
		6B7144A02F6B062D00464D2F /* RxCocoa in Frameworks */ = {isa = PBXBuildFile; productRef = 6B71449F2F6B062D00464D2F /* RxCocoa */; };
		6B7144A22F6B062D00464D2F /* RxSwift in Frameworks */ = {isa = PBXBuildFile; productRef = 6B7144A12F6B062D00464D2F /* RxSwift */; };
		6BD360EF2F69C9B5006EC1BA /* FirebaseAuth in Frameworks */ = {isa = PBXBuildFile; productRef = 6BD360EE2F69C9B5006EC1BA /* FirebaseAuth */; };
		6BD360F12F69C9C1006EC1BA /* FirebaseFirestore in Frameworks */ = {isa = PBXBuildFile; productRef = 6BD360F02F69C9C1006EC1BA /* FirebaseFirestore */; };
		6BD360F42F69CA32006EC1BA /* Kingfisher in Frameworks */ = {isa = PBXBuildFile; productRef = 6BD360F32F69CA32006EC1BA /* Kingfisher */; };
/* End PBXBuildFile section */

/* Begin PBXContainerItemProxy section */
		6BFC6D422F673633005CC16B /* PBXContainerItemProxy */ = {
			isa = PBXContainerItemProxy;
			containerPortal = 6BFC6D232F673632005CC16B /* Project object */;
			proxyType = 1;
			remoteGlobalIDString = 6BFC6D2A2F673632005CC16B;
			remoteInfo = RecipeStream;
		};
		6BFC6D4C2F673633005CC16B /* PBXContainerItemProxy */ = {
			isa = PBXContainerItemProxy;
			containerPortal = 6BFC6D232F673632005CC16B /* Project object */;
			proxyType = 1;
			remoteGlobalIDString = 6BFC6D2A2F673632005CC16B;
			remoteInfo = RecipeStream;
		};
/* End PBXContainerItemProxy section */

/* Begin PBXFileReference section */
		6BFC6D2B2F673632005CC16B /* RecipeStream.app */ = {isa = PBXFileReference; explicitFileType = wrapper.application; includeInIndex = 0; path = RecipeStream.app; sourceTree = BUILT_PRODUCTS_DIR; };
		6BFC6D412F673633005CC16B /* RecipeStreamTests.xctest */ = {isa = PBXFileReference; explicitFileType = wrapper.cfbundle; includeInIndex = 0; path = RecipeStreamTests.xctest; sourceTree = BUILT_PRODUCTS_DIR; };
		6BFC6D4B2F673633005CC16B /* RecipeStreamUITests.xctest */ = {isa = PBXFileReference; explicitFileType = wrapper.cfbundle; includeInIndex = 0; path = RecipeStreamUITests.xctest; sourceTree = BUILT_PRODUCTS_DIR; };
/* End PBXFileReference section */

/* Begin PBXFileSystemSynchronizedBuildFileExceptionSet section */
		6BFC6D532F673633005CC16B /* Exceptions for "RecipeStream" folder in "RecipeStream" target */ = {
			isa = PBXFileSystemSynchronizedBuildFileExceptionSet;
			membershipExceptions = (
				Controllers/Search/Untitled.swift,
				Resources/Info.plist,
			);
			target = 6BFC6D2A2F673632005CC16B /* RecipeStream */;
		};
/* End PBXFileSystemSynchronizedBuildFileExceptionSet section */

/* Begin PBXFileSystemSynchronizedRootGroup section */
		6BFC6D2D2F673632005CC16B /* RecipeStream */ = {
			isa = PBXFileSystemSynchronizedRootGroup;
			exceptions = (
				6BFC6D532F673633005CC16B /* Exceptions for "RecipeStream" folder in "RecipeStream" target */,
			);
			path = RecipeStream;
			sourceTree = "<group>";
		};
		6BFC6D442F673633005CC16B /* RecipeStreamTests */ = {
			isa = PBXFileSystemSynchronizedRootGroup;
			path = RecipeStreamTests;
			sourceTree = "<group>";
		};
		6BFC6D4E2F673633005CC16B /* RecipeStreamUITests */ = {
			isa = PBXFileSystemSynchronizedRootGroup;
			path = RecipeStreamUITests;
			sourceTree = "<group>";
		};
/* End PBXFileSystemSynchronizedRootGroup section */

/* Begin PBXFrameworksBuildPhase section */
		6BFC6D282F673632005CC16B /* Frameworks */ = {
			isa = PBXFrameworksBuildPhase;
			buildActionMask = 2147483647;
			files = (
				6BD360F42F69CA32006EC1BA /* Kingfisher in Frameworks */,
				6B4D2EC72F6DC49F00DACC3F /* Lottie in Frameworks */,
				6BD360EF2F69C9B5006EC1BA /* FirebaseAuth in Frameworks */,
				6B7144A22F6B062D00464D2F /* RxSwift in Frameworks */,
				6B4D2EBB2F6D905F00DACC3F /* Alamofire in Frameworks */,
				6B7144A02F6B062D00464D2F /* RxCocoa in Frameworks */,
				6BD360F12F69C9C1006EC1BA /* FirebaseFirestore in Frameworks */,
			);
			runOnlyForDeploymentPostprocessing = 0;
		};
		6BFC6D3E2F673633005CC16B /* Frameworks */ = {
			isa = PBXFrameworksBuildPhase;
			buildActionMask = 2147483647;
			files = (
			);
			runOnlyForDeploymentPostprocessing = 0;
		};
		6BFC6D482F673633005CC16B /* Frameworks */ = {
			isa = PBXFrameworksBuildPhase;
			buildActionMask = 2147483647;
			files = (
			);
			runOnlyForDeploymentPostprocessing = 0;
		};
/* End PBXFrameworksBuildPhase section */

/* Begin PBXGroup section */
		6BD360ED2F69C9B5006EC1BA /* Frameworks */ = {
			isa = PBXGroup;
			children = (
			);
			name = Frameworks;
			sourceTree = "<group>";
		};
		6BFC6D222F673632005CC16B = {
			isa = PBXGroup;
			children = (
				6BFC6D2D2F673632005CC16B /* RecipeStream */,
				6BFC6D442F673633005CC16B /* RecipeStreamTests */,
				6BFC6D4E2F673633005CC16B /* RecipeStreamUITests */,
				6BD360ED2F69C9B5006EC1BA /* Frameworks */,
				6BFC6D2C2F673632005CC16B /* Products */,
			);
			sourceTree = "<group>";
		};
		6BFC6D2C2F673632005CC16B /* Products */ = {
			isa = PBXGroup;
			children = (
				6BFC6D2B2F673632005CC16B /* RecipeStream.app */,
				6BFC6D412F673633005CC16B /* RecipeStreamTests.xctest */,
				6BFC6D4B2F673633005CC16B /* RecipeStreamUITests.xctest */,
			);
			name = Products;
			sourceTree = "<group>";
		};
/* End PBXGroup section */

/* Begin PBXNativeTarget section */
		6BFC6D2A2F673632005CC16B /* RecipeStream */ = {
			isa = PBXNativeTarget;
			buildConfigurationList = 6BFC6D542F673633005CC16B /* Build configuration list for PBXNativeTarget "RecipeStream" */;
			buildPhases = (
				6BFC6D272F673632005CC16B /* Sources */,
				6BFC6D282F673632005CC16B /* Frameworks */,
				6BFC6D292F673632005CC16B /* Resources */,
			);
			buildRules = (
			);
			dependencies = (
			);
			fileSystemSynchronizedGroups = (
				6BFC6D2D2F673632005CC16B /* RecipeStream */,
			);
			name = RecipeStream;
			packageProductDependencies = (
				6BD360EE2F69C9B5006EC1BA /* FirebaseAuth */,
				6BD360F02F69C9C1006EC1BA /* FirebaseFirestore */,
				6BD360F32F69CA32006EC1BA /* Kingfisher */,
				6B71449F2F6B062D00464D2F /* RxCocoa */,
				6B7144A12F6B062D00464D2F /* RxSwift */,
				6B4D2EBA2F6D905F00DACC3F /* Alamofire */,
				6B4D2EC62F6DC49F00DACC3F /* Lottie */,
			);
			productName = RecipeStream;
			productReference = 6BFC6D2B2F673632005CC16B /* RecipeStream.app */;
			productType = "com.apple.product-type.application";
		};
		6BFC6D402F673633005CC16B /* RecipeStreamTests */ = {
			isa = PBXNativeTarget;
			buildConfigurationList = 6BFC6D592F673633005CC16B /* Build configuration list for PBXNativeTarget "RecipeStreamTests" */;
			buildPhases = (
				6BFC6D3D2F673633005CC16B /* Sources */,
				6BFC6D3E2F673633005CC16B /* Frameworks */,
				6BFC6D3F2F673633005CC16B /* Resources */,
			);
			buildRules = (
			);
			dependencies = (
				6BFC6D432F673633005CC16B /* PBXTargetDependency */,
			);
			fileSystemSynchronizedGroups = (
				6BFC6D442F673633005CC16B /* RecipeStreamTests */,
			);
			name = RecipeStreamTests;
			packageProductDependencies = (
			);
			productName = RecipeStreamTests;
			productReference = 6BFC6D412F673633005CC16B /* RecipeStreamTests.xctest */;
			productType = "com.apple.product-type.bundle.unit-test";
		};
		6BFC6D4A2F673633005CC16B /* RecipeStreamUITests */ = {
			isa = PBXNativeTarget;
			buildConfigurationList = 6BFC6D5C2F673633005CC16B /* Build configuration list for PBXNativeTarget "RecipeStreamUITests" */;
			buildPhases = (
				6BFC6D472F673633005CC16B /* Sources */,
				6BFC6D482F673633005CC16B /* Frameworks */,
				6BFC6D492F673633005CC16B /* Resources */,
			);
			buildRules = (
			);
			dependencies = (
				6BFC6D4D2F673633005CC16B /* PBXTargetDependency */,
			);
			fileSystemSynchronizedGroups = (
				6BFC6D4E2F673633005CC16B /* RecipeStreamUITests */,
			);
			name = RecipeStreamUITests;
			packageProductDependencies = (
			);
			productName = RecipeStreamUITests;
			productReference = 6BFC6D4B2F673633005CC16B /* RecipeStreamUITests.xctest */;
			productType = "com.apple.product-type.bundle.ui-testing";
		};
/* End PBXNativeTarget section */

/* Begin PBXProject section */
		6BFC6D232F673632005CC16B /* Project object */ = {
			isa = PBXProject;
			attributes = {
				BuildIndependentTargetsInParallel = 1;
				LastSwiftUpdateCheck = 2630;
				LastUpgradeCheck = 2630;
				TargetAttributes = {
					6BFC6D2A2F673632005CC16B = {
						CreatedOnToolsVersion = 26.3;
					};
					6BFC6D402F673633005CC16B = {
						CreatedOnToolsVersion = 26.3;
						TestTargetID = 6BFC6D2A2F673632005CC16B;
					};
					6BFC6D4A2F673633005CC16B = {
						CreatedOnToolsVersion = 26.3;
						TestTargetID = 6BFC6D2A2F673632005CC16B;
					};
				};
			};
			buildConfigurationList = 6BFC6D262F673632005CC16B /* Build configuration list for PBXProject "RecipeStream" */;
			developmentRegion = en;
			hasScannedForEncodings = 0;
			knownRegions = (
				en,
				Base,
			);
			mainGroup = 6BFC6D222F673632005CC16B;
			minimizedProjectReferenceProxies = 1;
			packageReferences = (
				6BD360EC2F69C988006EC1BA /* XCRemoteSwiftPackageReference "firebase-ios-sdk" */,
				6BD360F22F69CA1F006EC1BA /* XCRemoteSwiftPackageReference "Kingfisher" */,
				6B71449E2F6B061400464D2F /* XCRemoteSwiftPackageReference "RxSwift" */,
				6B4D2EB92F6D904300DACC3F /* XCRemoteSwiftPackageReference "Alamofire" */,
				6B4D2EC52F6DC45300DACC3F /* XCRemoteSwiftPackageReference "lottie-ios" */,
			);
			preferredProjectObjectVersion = 77;
			productRefGroup = 6BFC6D2C2F673632005CC16B /* Products */;
			projectDirPath = "";
			projectRoot = "";
			targets = (
				6BFC6D2A2F673632005CC16B /* RecipeStream */,
				6BFC6D402F673633005CC16B /* RecipeStreamTests */,
				6BFC6D4A2F673633005CC16B /* RecipeStreamUITests */,
			);
		};
/* End PBXProject section */

/* Begin PBXResourcesBuildPhase section */
		6BFC6D292F673632005CC16B /* Resources */ = {
			isa = PBXResourcesBuildPhase;
			buildActionMask = 2147483647;
			files = (
			);
			runOnlyForDeploymentPostprocessing = 0;
		};
		6BFC6D3F2F673633005CC16B /* Resources */ = {
			isa = PBXResourcesBuildPhase;
			buildActionMask = 2147483647;
			files = (
			);
			runOnlyForDeploymentPostprocessing = 0;
		};
		6BFC6D492F673633005CC16B /* Resources */ = {
			isa = PBXResourcesBuildPhase;
			buildActionMask = 2147483647;
			files = (
			);
			runOnlyForDeploymentPostprocessing = 0;
		};
/* End PBXResourcesBuildPhase section */

/* Begin PBXSourcesBuildPhase section */
		6BFC6D272F673632005CC16B /* Sources */ = {
			isa = PBXSourcesBuildPhase;
			buildActionMask = 2147483647;
			files = (
			);
			runOnlyForDeploymentPostprocessing = 0;
		};
		6BFC6D3D2F673633005CC16B /* Sources */ = {
			isa = PBXSourcesBuildPhase;
			buildActionMask = 2147483647;
			files = (
			);
			runOnlyForDeploymentPostprocessing = 0;
		};
		6BFC6D472F673633005CC16B /* Sources */ = {
			isa = PBXSourcesBuildPhase;
			buildActionMask = 2147483647;
			files = (
			);
			runOnlyForDeploymentPostprocessing = 0;
		};
/* End PBXSourcesBuildPhase section */

/* Begin PBXTargetDependency section */
		6BFC6D432F673633005CC16B /* PBXTargetDependency */ = {
			isa = PBXTargetDependency;
			target = 6BFC6D2A2F673632005CC16B /* RecipeStream */;
			targetProxy = 6BFC6D422F673633005CC16B /* PBXContainerItemProxy */;
		};
		6BFC6D4D2F673633005CC16B /* PBXTargetDependency */ = {
			isa = PBXTargetDependency;
			target = 6BFC6D2A2F673632005CC16B /* RecipeStream */;
			targetProxy = 6BFC6D4C2F673633005CC16B /* PBXContainerItemProxy */;
		};
/* End PBXTargetDependency section */

/* Begin XCBuildConfiguration section */
		6BFC6D552F673633005CC16B /* Debug */ = {
			isa = XCBuildConfiguration;
			buildSettings = {
				ASSETCATALOG_COMPILER_APPICON_NAME = AppIcon;
				ASSETCATALOG_COMPILER_GLOBAL_ACCENT_COLOR_NAME = AccentColor;
				CODE_SIGN_STYLE = Automatic;
				CURRENT_PROJECT_VERSION = 1;
				DEVELOPMENT_TEAM = FTXKURDK43;
				GENERATE_INFOPLIST_FILE = YES;
				INFOPLIST_FILE = RecipeStream/Resources/Info.plist;
				INFOPLIST_KEY_UIApplicationSupportsIndirectInputEvents = YES;
				INFOPLIST_KEY_UILaunchStoryboardName = LaunchScreen;
				INFOPLIST_KEY_UISupportedInterfaceOrientations_iPad = "UIInterfaceOrientationPortrait UIInterfaceOrientationPortraitUpsideDown UIInterfaceOrientationLandscapeLeft UIInterfaceOrientationLandscapeRight";
				INFOPLIST_KEY_UISupportedInterfaceOrientations_iPhone = "UIInterfaceOrientationPortrait UIInterfaceOrientationLandscapeLeft UIInterfaceOrientationLandscapeRight";
				LD_RUNPATH_SEARCH_PATHS = (
					"$(inherited)",
					"@executable_path/Frameworks",
				);
				MARKETING_VERSION = 1.0;
				PRODUCT_BUNDLE_IDENTIFIER = com.bob.RecipeStream;
				PRODUCT_NAME = "$(TARGET_NAME)";
				STRING_CATALOG_GENERATE_SYMBOLS = YES;
				SWIFT_APPROACHABLE_CONCURRENCY = YES;
				SWIFT_DEFAULT_ACTOR_ISOLATION = MainActor;
				SWIFT_EMIT_LOC_STRINGS = YES;
				SWIFT_UPCOMING_FEATURE_MEMBER_IMPORT_VISIBILITY = YES;
				SWIFT_VERSION = 5.0;
				TARGETED_DEVICE_FAMILY = "1,2";
			};
			name = Debug;
		};
		6BFC6D562F673633005CC16B /* Release */ = {
			isa = XCBuildConfiguration;
			buildSettings = {
				ASSETCATALOG_COMPILER_APPICON_NAME = AppIcon;
				ASSETCATALOG_COMPILER_GLOBAL_ACCENT_COLOR_NAME = AccentColor;
				CODE_SIGN_STYLE = Automatic;
				CURRENT_PROJECT_VERSION = 1;
				DEVELOPMENT_TEAM = FTXKURDK43;
				GENERATE_INFOPLIST_FILE = YES;
				INFOPLIST_FILE = RecipeStream/Resources/Info.plist;
				INFOPLIST_KEY_UIApplicationSupportsIndirectInputEvents = YES;
				INFOPLIST_KEY_UILaunchStoryboardName = LaunchScreen;
				INFOPLIST_KEY_UISupportedInterfaceOrientations_iPad = "UIInterfaceOrientationPortrait UIInterfaceOrientationPortraitUpsideDown UIInterfaceOrientationLandscapeLeft UIInterfaceOrientationLandscapeRight";
				INFOPLIST_KEY_UISupportedInterfaceOrientations_iPhone = "UIInterfaceOrientationPortrait UIInterfaceOrientationLandscapeLeft UIInterfaceOrientationLandscapeRight";
				LD_RUNPATH_SEARCH_PATHS = (
					"$(inherited)",
					"@executable_path/Frameworks",
				);
				MARKETING_VERSION = 1.0;
				PRODUCT_BUNDLE_IDENTIFIER = com.bob.RecipeStream;
				PRODUCT_NAME = "$(TARGET_NAME)";
				STRING_CATALOG_GENERATE_SYMBOLS = YES;
				SWIFT_APPROACHABLE_CONCURRENCY = YES;
				SWIFT_DEFAULT_ACTOR_ISOLATION = MainActor;
				SWIFT_EMIT_LOC_STRINGS = YES;
				SWIFT_UPCOMING_FEATURE_MEMBER_IMPORT_VISIBILITY = YES;
				SWIFT_VERSION = 5.0;
				TARGETED_DEVICE_FAMILY = "1,2";
			};
			name = Release;
		};
		6BFC6D572F673633005CC16B /* Debug */ = {
			isa = XCBuildConfiguration;
			buildSettings = {
				ALWAYS_SEARCH_USER_PATHS = NO;
				ASSETCATALOG_COMPILER_GENERATE_SWIFT_ASSET_SYMBOL_EXTENSIONS = YES;
				CLANG_ANALYZER_NONNULL = YES;
				CLANG_ANALYZER_NUMBER_OBJECT_CONVERSION = YES_AGGRESSIVE;
				CLANG_CXX_LANGUAGE_STANDARD = "gnu++20";
				CLANG_ENABLE_MODULES = YES;
				CLANG_ENABLE_OBJC_ARC = YES;
				CLANG_ENABLE_OBJC_WEAK = YES;
				CLANG_WARN_BLOCK_CAPTURE_AUTORELEASING = YES;
				CLANG_WARN_BOOL_CONVERSION = YES;
				CLANG_WARN_COMMA = YES;
				CLANG_WARN_CONSTANT_CONVERSION = YES;
				CLANG_WARN_DEPRECATED_OBJC_IMPLEMENTATIONS = YES;
				CLANG_WARN_DIRECT_OBJC_ISA_USAGE = YES_ERROR;
				CLANG_WARN_DOCUMENTATION_COMMENTS = YES;
				CLANG_WARN_EMPTY_BODY = YES;
				CLANG_WARN_ENUM_CONVERSION = YES;
				CLANG_WARN_INFINITE_RECURSION = YES;
				CLANG_WARN_INT_CONVERSION = YES;
				CLANG_WARN_NON_LITERAL_NULL_CONVERSION = YES;
				CLANG_WARN_OBJC_IMPLICIT_RETAIN_SELF = YES;
				CLANG_WARN_OBJC_LITERAL_CONVERSION = YES;
				CLANG_WARN_OBJC_ROOT_CLASS = YES_ERROR;
				CLANG_WARN_QUOTED_INCLUDE_IN_FRAMEWORK_HEADER = YES;
				CLANG_WARN_RANGE_LOOP_ANALYSIS = YES;
				CLANG_WARN_STRICT_PROTOTYPES = YES;
				CLANG_WARN_SUSPICIOUS_MOVE = YES;
				CLANG_WARN_UNGUARDED_AVAILABILITY = YES_AGGRESSIVE;
				CLANG_WARN_UNREACHABLE_CODE = YES;
				CLANG_WARN__DUPLICATE_METHOD_MATCH = YES;
				COPY_PHASE_STRIP = NO;
				DEBUG_INFORMATION_FORMAT = dwarf;
				DEVELOPMENT_TEAM = FTXKURDK43;
				ENABLE_STRICT_OBJC_MSGSEND = YES;
				ENABLE_TESTABILITY = YES;
				ENABLE_USER_SCRIPT_SANDBOXING = YES;
				GCC_C_LANGUAGE_STANDARD = gnu17;
				GCC_DYNAMIC_NO_PIC = NO;
				GCC_NO_COMMON_BLOCKS = YES;
				GCC_OPTIMIZATION_LEVEL = 0;
				GCC_PREPROCESSOR_DEFINITIONS = (
					"DEBUG=1",
					"$(inherited)",
				);
				GCC_WARN_64_TO_32_BIT_CONVERSION = YES;
				GCC_WARN_ABOUT_RETURN_TYPE = YES_ERROR;
				GCC_WARN_UNDECLARED_SELECTOR = YES;
				GCC_WARN_UNINITIALIZED_AUTOS = YES_AGGRESSIVE;
				GCC_WARN_UNUSED_FUNCTION = YES;
				GCC_WARN_UNUSED_VARIABLE = YES;
				IPHONEOS_DEPLOYMENT_TARGET = 26.2;
				LOCALIZATION_PREFERS_STRING_CATALOGS = YES;
				MTL_ENABLE_DEBUG_INFO = INCLUDE_SOURCE;
				MTL_FAST_MATH = YES;
				ONLY_ACTIVE_ARCH = YES;
				SDKROOT = iphoneos;
				SWIFT_ACTIVE_COMPILATION_CONDITIONS = "DEBUG $(inherited)";
				SWIFT_OPTIMIZATION_LEVEL = "-Onone";
			};
			name = Debug;
		};
		6BFC6D582F673633005CC16B /* Release */ = {
			isa = XCBuildConfiguration;
			buildSettings = {
				ALWAYS_SEARCH_USER_PATHS = NO;
				ASSETCATALOG_COMPILER_GENERATE_SWIFT_ASSET_SYMBOL_EXTENSIONS = YES;
				CLANG_ANALYZER_NONNULL = YES;
				CLANG_ANALYZER_NUMBER_OBJECT_CONVERSION = YES_AGGRESSIVE;
				CLANG_CXX_LANGUAGE_STANDARD = "gnu++20";
				CLANG_ENABLE_MODULES = YES;
				CLANG_ENABLE_OBJC_ARC = YES;
				CLANG_ENABLE_OBJC_WEAK = YES;
				CLANG_WARN_BLOCK_CAPTURE_AUTORELEASING = YES;
				CLANG_WARN_BOOL_CONVERSION = YES;
				CLANG_WARN_COMMA = YES;
				CLANG_WARN_CONSTANT_CONVERSION = YES;
				CLANG_WARN_DEPRECATED_OBJC_IMPLEMENTATIONS = YES;
				CLANG_WARN_DIRECT_OBJC_ISA_USAGE = YES_ERROR;
				CLANG_WARN_DOCUMENTATION_COMMENTS = YES;
				CLANG_WARN_EMPTY_BODY = YES;
				CLANG_WARN_ENUM_CONVERSION = YES;
				CLANG_WARN_INFINITE_RECURSION = YES;
				CLANG_WARN_INT_CONVERSION = YES;
				CLANG_WARN_NON_LITERAL_NULL_CONVERSION = YES;
				CLANG_WARN_OBJC_IMPLICIT_RETAIN_SELF = YES;
				CLANG_WARN_OBJC_LITERAL_CONVERSION = YES;
				CLANG_WARN_OBJC_ROOT_CLASS = YES_ERROR;
				CLANG_WARN_QUOTED_INCLUDE_IN_FRAMEWORK_HEADER = YES;
				CLANG_WARN_RANGE_LOOP_ANALYSIS = YES;
				CLANG_WARN_STRICT_PROTOTYPES = YES;
				CLANG_WARN_SUSPICIOUS_MOVE = YES;
				CLANG_WARN_UNGUARDED_AVAILABILITY = YES_AGGRESSIVE;
				CLANG_WARN_UNREACHABLE_CODE = YES;
				CLANG_WARN__DUPLICATE_METHOD_MATCH = YES;
				COPY_PHASE_STRIP = NO;
				DEBUG_INFORMATION_FORMAT = "dwarf-with-dsym";
				DEVELOPMENT_TEAM = FTXKURDK43;
				ENABLE_NS_ASSERTIONS = NO;
				ENABLE_STRICT_OBJC_MSGSEND = YES;
				ENABLE_USER_SCRIPT_SANDBOXING = YES;
				GCC_C_LANGUAGE_STANDARD = gnu17;
				GCC_NO_COMMON_BLOCKS = YES;
				GCC_WARN_64_TO_32_BIT_CONVERSION = YES;
				GCC_WARN_ABOUT_RETURN_TYPE = YES_ERROR;
				GCC_WARN_UNDECLARED_SELECTOR = YES;
				GCC_WARN_UNINITIALIZED_AUTOS = YES_AGGRESSIVE;
				GCC_WARN_UNUSED_FUNCTION = YES;
				GCC_WARN_UNUSED_VARIABLE = YES;
				IPHONEOS_DEPLOYMENT_TARGET = 26.2;
				LOCALIZATION_PREFERS_STRING_CATALOGS = YES;
				MTL_ENABLE_DEBUG_INFO = NO;
				MTL_FAST_MATH = YES;
				SDKROOT = iphoneos;
				SWIFT_COMPILATION_MODE = wholemodule;
				VALIDATE_PRODUCT = YES;
			};
			name = Release;
		};
		6BFC6D5A2F673633005CC16B /* Debug */ = {
			isa = XCBuildConfiguration;
			buildSettings = {
				BUNDLE_LOADER = "$(TEST_HOST)";
				CODE_SIGN_STYLE = Automatic;
				CURRENT_PROJECT_VERSION = 1;
				DEVELOPMENT_TEAM = FTXKURDK43;
				GENERATE_INFOPLIST_FILE = YES;
				IPHONEOS_DEPLOYMENT_TARGET = 26.2;
				MARKETING_VERSION = 1.0;
				PRODUCT_BUNDLE_IDENTIFIER = com.bob.RecipeStreamTests;
				PRODUCT_NAME = "$(TARGET_NAME)";
				STRING_CATALOG_GENERATE_SYMBOLS = NO;
				SWIFT_APPROACHABLE_CONCURRENCY = YES;
				SWIFT_EMIT_LOC_STRINGS = NO;
				SWIFT_UPCOMING_FEATURE_MEMBER_IMPORT_VISIBILITY = YES;
				SWIFT_VERSION = 5.0;
				TARGETED_DEVICE_FAMILY = "1,2";
				TEST_HOST = "$(BUILT_PRODUCTS_DIR)/RecipeStream.app/$(BUNDLE_EXECUTABLE_FOLDER_PATH)/RecipeStream";
			};
			name = Debug;
		};
		6BFC6D5B2F673633005CC16B /* Release */ = {
			isa = XCBuildConfiguration;
			buildSettings = {
				BUNDLE_LOADER = "$(TEST_HOST)";
				CODE_SIGN_STYLE = Automatic;
				CURRENT_PROJECT_VERSION = 1;
				DEVELOPMENT_TEAM = FTXKURDK43;
				GENERATE_INFOPLIST_FILE = YES;
				IPHONEOS_DEPLOYMENT_TARGET = 26.2;
				MARKETING_VERSION = 1.0;
				PRODUCT_BUNDLE_IDENTIFIER = com.bob.RecipeStreamTests;
				PRODUCT_NAME = "$(TARGET_NAME)";
				STRING_CATALOG_GENERATE_SYMBOLS = NO;
				SWIFT_APPROACHABLE_CONCURRENCY = YES;
				SWIFT_EMIT_LOC_STRINGS = NO;
				SWIFT_UPCOMING_FEATURE_MEMBER_IMPORT_VISIBILITY = YES;
				SWIFT_VERSION = 5.0;
				TARGETED_DEVICE_FAMILY = "1,2";
				TEST_HOST = "$(BUILT_PRODUCTS_DIR)/RecipeStream.app/$(BUNDLE_EXECUTABLE_FOLDER_PATH)/RecipeStream";
			};
			name = Release;
		};
		6BFC6D5D2F673633005CC16B /* Debug */ = {
			isa = XCBuildConfiguration;
			buildSettings = {
				CODE_SIGN_STYLE = Automatic;
				CURRENT_PROJECT_VERSION = 1;
				DEVELOPMENT_TEAM = FTXKURDK43;
				GENERATE_INFOPLIST_FILE = YES;
				MARKETING_VERSION = 1.0;
				PRODUCT_BUNDLE_IDENTIFIER = com.bob.RecipeStreamUITests;
				PRODUCT_NAME = "$(TARGET_NAME)";
				STRING_CATALOG_GENERATE_SYMBOLS = NO;
				SWIFT_APPROACHABLE_CONCURRENCY = YES;
				SWIFT_EMIT_LOC_STRINGS = NO;
				SWIFT_UPCOMING_FEATURE_MEMBER_IMPORT_VISIBILITY = YES;
				SWIFT_VERSION = 5.0;
				TARGETED_DEVICE_FAMILY = "1,2";
				TEST_TARGET_NAME = RecipeStream;
			};
			name = Debug;
		};
		6BFC6D5E2F673633005CC16B /* Release */ = {
			isa = XCBuildConfiguration;
			buildSettings = {
				CODE_SIGN_STYLE = Automatic;
				CURRENT_PROJECT_VERSION = 1;
				DEVELOPMENT_TEAM = FTXKURDK43;
				GENERATE_INFOPLIST_FILE = YES;
				MARKETING_VERSION = 1.0;
				PRODUCT_BUNDLE_IDENTIFIER = com.bob.RecipeStreamUITests;
				PRODUCT_NAME = "$(TARGET_NAME)";
				STRING_CATALOG_GENERATE_SYMBOLS = NO;
				SWIFT_APPROACHABLE_CONCURRENCY = YES;
				SWIFT_EMIT_LOC_STRINGS = NO;
				SWIFT_UPCOMING_FEATURE_MEMBER_IMPORT_VISIBILITY = YES;
				SWIFT_VERSION = 5.0;
				TARGETED_DEVICE_FAMILY = "1,2";
				TEST_TARGET_NAME = RecipeStream;
			};
			name = Release;
		};
/* End XCBuildConfiguration section */

/* Begin XCConfigurationList section */
		6BFC6D262F673632005CC16B /* Build configuration list for PBXProject "RecipeStream" */ = {
			isa = XCConfigurationList;
			buildConfigurations = (
				6BFC6D572F673633005CC16B /* Debug */,
				6BFC6D582F673633005CC16B /* Release */,
			);
			defaultConfigurationIsVisible = 0;
			defaultConfigurationName = Release;
		};
		6BFC6D542F673633005CC16B /* Build configuration list for PBXNativeTarget "RecipeStream" */ = {
			isa = XCConfigurationList;
			buildConfigurations = (
				6BFC6D552F673633005CC16B /* Debug */,
				6BFC6D562F673633005CC16B /* Release */,
			);
			defaultConfigurationIsVisible = 0;
			defaultConfigurationName = Release;
		};
		6BFC6D592F673633005CC16B /* Build configuration list for PBXNativeTarget "RecipeStreamTests" */ = {
			isa = XCConfigurationList;
			buildConfigurations = (
				6BFC6D5A2F673633005CC16B /* Debug */,
				6BFC6D5B2F673633005CC16B /* Release */,
			);
			defaultConfigurationIsVisible = 0;
			defaultConfigurationName = Release;
		};
		6BFC6D5C2F673633005CC16B /* Build configuration list for PBXNativeTarget "RecipeStreamUITests" */ = {
			isa = XCConfigurationList;
			buildConfigurations = (
				6BFC6D5D2F673633005CC16B /* Debug */,
				6BFC6D5E2F673633005CC16B /* Release */,
			);
			defaultConfigurationIsVisible = 0;
			defaultConfigurationName = Release;
		};
/* End XCConfigurationList section */

/* Begin XCRemoteSwiftPackageReference section */
		6B4D2EB92F6D904300DACC3F /* XCRemoteSwiftPackageReference "Alamofire" */ = {
			isa = XCRemoteSwiftPackageReference;
			repositoryURL = "https://github.com/Alamofire/Alamofire";
			requirement = {
				kind = upToNextMajorVersion;
				minimumVersion = 5.11.1;
			};
		};
		6B4D2EC52F6DC45300DACC3F /* XCRemoteSwiftPackageReference "lottie-ios" */ = {
			isa = XCRemoteSwiftPackageReference;
			repositoryURL = "https://github.com/airbnb/lottie-ios.git";
			requirement = {
				kind = upToNextMajorVersion;
				minimumVersion = 4.6.0;
			};
		};
		6B71449E2F6B061400464D2F /* XCRemoteSwiftPackageReference "RxSwift" */ = {
			isa = XCRemoteSwiftPackageReference;
			repositoryURL = "https://github.com/ReactiveX/RxSwift";
			requirement = {
				kind = upToNextMajorVersion;
				minimumVersion = 6.10.2;
			};
		};
		6BD360EC2F69C988006EC1BA /* XCRemoteSwiftPackageReference "firebase-ios-sdk" */ = {
			isa = XCRemoteSwiftPackageReference;
			repositoryURL = "https://github.com/firebase/firebase-ios-sdk";
			requirement = {
				kind = upToNextMajorVersion;
				minimumVersion = 12.11.0;
			};
		};
		6BD360F22F69CA1F006EC1BA /* XCRemoteSwiftPackageReference "Kingfisher" */ = {
			isa = XCRemoteSwiftPackageReference;
			repositoryURL = "https://github.com/onevcat/Kingfisher";
			requirement = {
				kind = upToNextMajorVersion;
				minimumVersion = 8.8.0;
			};
		};
/* End XCRemoteSwiftPackageReference section */

/* Begin XCSwiftPackageProductDependency section */
		6B4D2EBA2F6D905F00DACC3F /* Alamofire */ = {
			isa = XCSwiftPackageProductDependency;
			package = 6B4D2EB92F6D904300DACC3F /* XCRemoteSwiftPackageReference "Alamofire" */;
			productName = Alamofire;
		};
		6B4D2EC62F6DC49F00DACC3F /* Lottie */ = {
			isa = XCSwiftPackageProductDependency;
			package = 6B4D2EC52F6DC45300DACC3F /* XCRemoteSwiftPackageReference "lottie-ios" */;
			productName = Lottie;
		};
		6B71449F2F6B062D00464D2F /* RxCocoa */ = {
			isa = XCSwiftPackageProductDependency;
			package = 6B71449E2F6B061400464D2F /* XCRemoteSwiftPackageReference "RxSwift" */;
			productName = RxCocoa;
		};
		6B7144A12F6B062D00464D2F /* RxSwift */ = {
			isa = XCSwiftPackageProductDependency;
			package = 6B71449E2F6B061400464D2F /* XCRemoteSwiftPackageReference "RxSwift" */;
			productName = RxSwift;
		};
		6BD360EE2F69C9B5006EC1BA /* FirebaseAuth */ = {
			isa = XCSwiftPackageProductDependency;
			package = 6BD360EC2F69C988006EC1BA /* XCRemoteSwiftPackageReference "firebase-ios-sdk" */;
			productName = FirebaseAuth;
		};
		6BD360F02F69C9C1006EC1BA /* FirebaseFirestore */ = {
			isa = XCSwiftPackageProductDependency;
			package = 6BD360EC2F69C988006EC1BA /* XCRemoteSwiftPackageReference "firebase-ios-sdk" */;
			productName = FirebaseFirestore;
		};
		6BD360F32F69CA32006EC1BA /* Kingfisher */ = {
			isa = XCSwiftPackageProductDependency;
			package = 6BD360F22F69CA1F006EC1BA /* XCRemoteSwiftPackageReference "Kingfisher" */;
			productName = Kingfisher;
		};
/* End XCSwiftPackageProductDependency section */
	};
	rootObject = 6BFC6D232F673632005CC16B /* Project object */;
}
